
Microsoft Visual Studio Solution File, Format Version 12.00
# Visual Studio 15
VisualStudioVersion = 15.0.26430.16
MinimumVisualStudioVersion = 10.0.40219.1
Project("{FAE04EC0-301F-11D3-BF4B-00C04F79EFBC}") = "XClipImage.Android", "XClipImage\XClipImage.Android\XClipImage.Android.csproj", "{3C8999A6-D93B-4A83-ADE1-E916E833C0BC}"
EndProject
Project("{FAE04EC0-301F-11D3-BF4B-00C04F79EFBC}") = "XClipImage", "XClipImage\XClipImage\XClipImage.csproj", "{6924329A-E0B9-4AB0-A23B-197D89CED55C}"
EndProject
Project("{FAE04EC0-301F-11D3-BF4B-00C04F79EFBC}") = "XClipImage.UWP", "XClipImage\XClipImage.UWP\XClipImage.UWP.csproj", "{2C557C2F-CEE8-4BEC-BADE-7360C538020E}"
EndProject
Project("{FAE04EC0-301F-11D3-BF4B-00C04F79EFBC}") = "XClipImage.iOS", "XClipImage\XClipImage.iOS\XClipImage.iOS.csproj", "{D6841783-3173-4CF2-B01A-E2F5873F540E}"
EndProject
Global
	GlobalSection(SolutionConfigurationPlatforms) = preSolution
		Ad-Hoc|Any CPU = Ad-Hoc|Any CPU
		Ad-Hoc|ARM = Ad-Hoc|ARM
		Ad-Hoc|iPhone = Ad-Hoc|iPhone
		Ad-Hoc|iPhoneSimulator = Ad-Hoc|iPhoneSimulator
		Ad-Hoc|x64 = Ad-Hoc|x64
		Ad-Hoc|x86 = Ad-Hoc|x86
		AppStore|Any CPU = AppStore|Any CPU
		AppStore|ARM = AppStore|ARM
		AppStore|iPhone = AppStore|iPhone
		AppStore|iPhoneSimulator = AppStore|iPhoneSimulator
		AppStore|x64 = AppStore|x64
		AppStore|x86 = AppStore|x86
		Debug|Any CPU = Debug|Any CPU
		Debug|ARM = Debug|ARM
		Debug|iPhone = Debug|iPhone
		Debug|iPhoneSimulator = Debug|iPhoneSimulator
		Debug|x64 = Debug|x64
		Debug|x86 = Debug|x86
		Release|Any CPU = Release|Any CPU
		Release|ARM = Release|ARM
		Release|iPhone = Release|iPhone
		Release|iPhoneSimulator = Release|iPhoneSimulator
		Release|x64 = Release|x64
		Release|x86 = Release|x86
	EndGlobalSection
	GlobalSection(ProjectConfigurationPlatforms) = postSolution
		{3C8999A6-D93B-4A83-ADE1-E916E833C0BC}.Ad-Hoc|Any CPU.ActiveCfg = Release|Any CPU
		{3C8999A6-D93B-4A83-ADE1-E916E833C0BC}.Ad-Hoc|Any CPU.Build.0 = Release|Any CPU
		{3C8999A6-D93B-4A83-ADE1-E916E833C0BC}.Ad-Hoc|Any CPU.Deploy.0 = Release|Any CPU
		{3C8999A6-D93B-4A83-ADE1-E916E833C0BC}.Ad-Hoc|ARM.ActiveCfg = Release|Any CPU
		{3C8999A6-D93B-4A83-ADE1-E916E833C0BC}.Ad-Hoc|ARM.Build.0 = Release|Any CPU
		{3C8999A6-D93B-4A83-ADE1-E916E833C0BC}.Ad-Hoc|ARM.Deploy.0 = Release|Any CPU
		{3C8999A6-D93B-4A83-ADE1-E916E833C0BC}.Ad-Hoc|iPhone.ActiveCfg = Release|Any CPU
		{3C8999A6-D93B-4A83-ADE1-E916E833C0BC}.Ad-Hoc|iPhone.Build.0 = Release|Any CPU
		{3C8999A6-D93B-4A83-ADE1-E916E833C0BC}.Ad-Hoc|iPhone.Deploy.0 = Release|Any CPU
		{3C8999A6-D93B-4A83-ADE1-E916E833C0BC}.Ad-Hoc|iPhoneSimulator.ActiveCfg = Release|Any CPU
		{3C8999A6-D93B-4A83-ADE1-E916E833C0BC}.Ad-Hoc|iPhoneSimulator.Build.0 = Release|Any CPU
		{3C8999A6-D93B-4A83-ADE1-E916E833C0BC}.Ad-Hoc|iPhoneSimulator.Deploy.0 = Release|Any CPU
		{3C8999A6-D93B-4A83-ADE1-E916E833C0BC}.Ad-Hoc|x64.ActiveCfg = Release|Any CPU
		{3C8999A6-D93B-4A83-ADE1-E916E833C0BC}.Ad-Hoc|x64.Build.0 = Release|Any CPU
		{3C8999A6-D93B-4A83-ADE1-E916E833C0BC}.Ad-Hoc|x64.Deploy.0 = Release|Any CPU
		{3C8999A6-D93B-4A83-ADE1-E916E833C0BC}.Ad-Hoc|x86.ActiveCfg = Release|Any CPU
		{3C8999A6-D93B-4A83-ADE1-E916E833C0BC}.Ad-Hoc|x86.Build.0 = Release|Any CPU
		{3C8999A6-D93B-4A83-ADE1-E916E833C0BC}.Ad-Hoc|x86.Deploy.0 = Release|Any CPU
		{3C8999A6-D93B-4A83-ADE1-E916E833C0BC}.AppStore|Any CPU.ActiveCfg = Release|Any CPU
		{3C8999A6-D93B-4A83-ADE1-E916E833C0BC}.AppStore|Any CPU.Build.0 = Release|Any CPU
		{3C8999A6-D93B-4A83-ADE1-E916E833C0BC}.AppStore|Any CPU.Deploy.0 = Release|Any CPU
		{3C8999A6-D93B-4A83-ADE1-E916E833C0BC}.AppStore|ARM.ActiveCfg = Release|Any CPU
		{3C8999A6-D93B-4A83-ADE1-E916E833C0BC}.AppStore|ARM.Build.0 = Release|Any CPU
		{3C8999A6-D93B-4A83-ADE1-E916E833C0BC}.AppStore|ARM.Deploy.0 = Release|Any CPU
		{3C8999A6-D93B-4A83-ADE1-E916E833C0BC}.AppStore|iPhone.ActiveCfg = Release|Any CPU
		{3C8999A6-D93B-4A83-ADE1-E916E833C0BC}.AppStore|iPhone.Build.0 = Release|Any CPU
		{3C8999A6-D93B-4A83-ADE1-E916E833C0BC}.AppStore|iPhone.Deploy.0 = Release|Any CPU
		{3C8999A6-D93B-4A83-ADE1-E916E833C0BC}.AppStore|iPhoneSimulator.ActiveCfg = Release|Any CPU
		{3C8999A6-D93B-4A83-ADE1-E916E833C0BC}.AppStore|iPhoneSimulator.Build.0 = Release|Any CPU
		{3C8999A6-D93B-4A83-ADE1-E916E833C0BC}.AppStore|iPhoneSimulator.Deploy.0 = Release|Any CPU
		{3C8999A6-D93B-4A83-ADE1-E916E833C0BC}.AppStore|x64.ActiveCfg = Release|Any CPU
		{3C8999A6-D93B-4A83-ADE1-E916E833C0BC}.AppStore|x64.Build.0 = Release|Any CPU
		{3C8999A6-D93B-4A83-ADE1-E916E833C0BC}.AppStore|x64.Deploy.0 = Release|Any CPU
		{3C8999A6-D93B-4A83-ADE1-E916E833C0BC}.AppStore|x86.ActiveCfg = Release|Any CPU
		{3C8999A6-D93B-4A83-ADE1-E916E833C0BC}.AppStore|x86.Build.0 = Release|Any CPU
		{3C8999A6-D93B-4A83-ADE1-E916E833C0BC}.AppStore|x86.Deploy.0 = Release|Any CPU
		{3C8999A6-D93B-4A83-ADE1-E916E833C0BC}.Debug|Any CPU.ActiveCfg = Debug|Any CPU
		{3C8999A6-D93B-4A83-ADE1-E916E833C0BC}.Debug|Any CPU.Build.0 = Debug|Any CPU
		{3C8999A6-D93B-4A83-ADE1-E916E833C0BC}.Debug|Any CPU.Deploy.0 = Debug|Any CPU
		{3C8999A6-D93B-4A83-ADE1-E916E833C0BC}.Debug|ARM.ActiveCfg = Debug|Any CPU
		{3C8999A6-D93B-4A83-ADE1-E916E833C0BC}.Debug|ARM.Build.0 = Debug|Any CPU
		{3C8999A6-D93B-4A83-ADE1-E916E833C0BC}.Debug|ARM.Deploy.0 = Debug|Any CPU
		{3C8999A6-D93B-4A83-ADE1-E916E833C0BC}.Debug|iPhone.ActiveCfg = Debug|Any CPU
		{3C8999A6-D93B-4A83-ADE1-E916E833C0BC}.Debug|iPhone.Build.0 = Debug|Any CPU
		{3C8999A6-D93B-4A83-ADE1-E916E833C0BC}.Debug|iPhone.Deploy.0 = Debug|Any CPU
		{3C8999A6-D93B-4A83-ADE1-E916E833C0BC}.Debug|iPhoneSimulator.ActiveCfg = Debug|Any CPU
		{3C8999A6-D93B-4A83-ADE1-E916E833C0BC}.Debug|iPhoneSimulator.Build.0 = Debug|Any CPU
		{3C8999A6-D93B-4A83-ADE1-E916E833C0BC}.Debug|iPhoneSimulator.Deploy.0 = Debug|Any CPU
		{3C8999A6-D93B-4A83-ADE1-E916E833C0BC}.Debug|x64.ActiveCfg = Debug|Any CPU
		{3C8999A6-D93B-4A83-ADE1-E916E833C0BC}.Debug|x64.Build.0 = Debug|Any CPU
		{3C8999A6-D93B-4A83-ADE1-E916E833C0BC}.Debug|x64.Deploy.0 = Debug|Any CPU
		{3C8999A6-D93B-4A83-ADE1-E916E833C0BC}.Debug|x86.ActiveCfg = Debug|Any CPU
		{3C8999A6-D93B-4A83-ADE1-E916E833C0BC}.Debug|x86.Build.0 = Debug|Any CPU
		{3C8999A6-D93B-4A83-ADE1-E916E833C0BC}.Debug|x86.Deploy.0 = Debug|Any CPU
		{3C8999A6-D93B-4A83-ADE1-E916E833C0BC}.Release|Any CPU.ActiveCfg = Release|Any CPU
		{3C8999A6-D93B-4A83-ADE1-E916E833C0BC}.Release|Any CPU.Build.0 = Release|Any CPU
		{3C8999A6-D93B-4A83-ADE1-E916E833C0BC}.Release|Any CPU.Deploy.0 = Release|Any CPU
		{3C8999A6-D93B-4A83-ADE1-E916E833C0BC}.Release|ARM.ActiveCfg = Release|Any CPU
		{3C8999A6-D93B-4A83-ADE1-E916E833C0BC}.Release|ARM.Build.0 = Release|Any CPU
		{3C8999A6-D93B-4A83-ADE1-E916E833C0BC}.Release|ARM.Deploy.0 = Release|Any CPU
		{3C8999A6-D93B-4A83-ADE1-E916E833C0BC}.Release|iPhone.ActiveCfg = Release|Any CPU
		{3C8999A6-D93B-4A83-ADE1-E916E833C0BC}.Release|iPhone.Build.0 = Release|Any CPU
		{3C8999A6-D93B-4A83-ADE1-E916E833C0BC}.Release|iPhone.Deploy.0 = Release|Any CPU
		{3C8999A6-D93B-4A83-ADE1-E916E833C0BC}.Release|iPhoneSimulator.ActiveCfg = Release|Any CPU
		{3C8999A6-D93B-4A83-ADE1-E916E833C0BC}.Release|iPhoneSimulator.Build.0 = Release|Any CPU
		{3C8999A6-D93B-4A83-ADE1-E916E833C0BC}.Release|iPhoneSimulator.Deploy.0 = Release|Any CPU
		{3C8999A6-D93B-4A83-ADE1-E916E833C0BC}.Release|x64.ActiveCfg = Release|Any CPU
		{3C8999A6-D93B-4A83-ADE1-E916E833C0BC}.Release|x64.Build.0 = Release|Any CPU
		{3C8999A6-D93B-4A83-ADE1-E916E833C0BC}.Release|x64.Deploy.0 = Release|Any CPU
		{3C8999A6-D93B-4A83-ADE1-E916E833C0BC}.Release|x86.ActiveCfg = Release|Any CPU
		{3C8999A6-D93B-4A83-ADE1-E916E833C0BC}.Release|x86.Build.0 = Release|Any CPU
		{3C8999A6-D93B-4A83-ADE1-E916E833C0BC}.Release|x86.Deploy.0 = Release|Any CPU
		{6924329A-E0B9-4AB0-A23B-197D89CED55C}.Ad-Hoc|Any CPU.ActiveCfg = Release|Any CPU
		{6924329A-E0B9-4AB0-A23B-197D89CED55C}.Ad-Hoc|Any CPU.Build.0 = Release|Any CPU
		{6924329A-E0B9-4AB0-A23B-197D89CED55C}.Ad-Hoc|ARM.ActiveCfg = Release|Any CPU
		{6924329A-E0B9-4AB0-A23B-197D89CED55C}.Ad-Hoc|ARM.Build.0 = Release|Any CPU
		{6924329A-E0B9-4AB0-A23B-197D89CED55C}.Ad-Hoc|iPhone.ActiveCfg = Release|Any CPU
		{6924329A-E0B9-4AB0-A23B-197D89CED55C}.Ad-Hoc|iPhone.Build.0 = Release|Any CPU
		{6924329A-E0B9-4AB0-A23B-197D89CED55C}.Ad-Hoc|iPhoneSimulator.ActiveCfg = Release|Any CPU
		{6924329A-E0B9-4AB0-A23B-197D89CED55C}.Ad-Hoc|iPhoneSimulator.Build.0 = Release|Any CPU
		{6924329A-E0B9-4AB0-A23B-197D89CED55C}.Ad-Hoc|x64.ActiveCfg = Release|Any CPU
		{6924329A-E0B9-4AB0-A23B-197D89CED55C}.Ad-Hoc|x64.Build.0 = Release|Any CPU
		{6924329A-E0B9-4AB0-A23B-197D89CED55C}.Ad-Hoc|x86.ActiveCfg = Release|Any CPU
		{6924329A-E0B9-4AB0-A23B-197D89CED55C}.Ad-Hoc|x86.Build.0 = Release|Any CPU
		{6924329A-E0B9-4AB0-A23B-197D89CED55C}.AppStore|Any CPU.ActiveCfg = Release|Any CPU
		{6924329A-E0B9-4AB0-A23B-197D89CED55C}.AppStore|Any CPU.Build.0 = Release|Any CPU
		{6924329A-E0B9-4AB0-A23B-197D89CED55C}.AppStore|ARM.ActiveCfg = Release|Any CPU
		{6924329A-E0B9-4AB0-A23B-197D89CED55C}.AppStore|ARM.Build.0 = Release|Any CPU
		{6924329A-E0B9-4AB0-A23B-197D89CED55C}.AppStore|iPhone.ActiveCfg = Release|Any CPU
		{6924329A-E0B9-4AB0-A23B-197D89CED55C}.AppStore|iPhone.Build.0 = Release|Any CPU
		{6924329A-E0B9-4AB0-A23B-197D89CED55C}.AppStore|iPhoneSimulator.ActiveCfg = Release|Any CPU
		{6924329A-E0B9-4AB0-A23B-197D89CED55C}.AppStore|iPhoneSimulator.Build.0 = Release|Any CPU
		{6924329A-E0B9-4AB0-A23B-197D89CED55C}.AppStore|x64.ActiveCfg = Release|Any CPU
		{6924329A-E0B9-4AB0-A23B-197D89CED55C}.AppStore|x64.Build.0 = Release|Any CPU
		{6924329A-E0B9-4AB0-A23B-197D89CED55C}.AppStore|x86.ActiveCfg = Release|Any CPU
		{6924329A-E0B9-4AB0-A23B-197D89CED55C}.AppStore|x86.Build.0 = Release|Any CPU
		{6924329A-E0B9-4AB0-A23B-197D89CED55C}.Debug|Any CPU.ActiveCfg = Debug|Any CPU
		{6924329A-E0B9-4AB0-A23B-197D89CED55C}.Debug|Any CPU.Build.0 = Debug|Any CPU
		{6924329A-E0B9-4AB0-A23B-197D89CED55C}.Debug|ARM.ActiveCfg = Debug|Any CPU
		{6924329A-E0B9-4AB0-A23B-197D89CED55C}.Debug|ARM.Build.0 = Debug|Any CPU
		{6924329A-E0B9-4AB0-A23B-197D89CED55C}.Debug|iPhone.ActiveCfg = Debug|Any CPU
		{6924329A-E0B9-4AB0-A23B-197D89CED55C}.Debug|iPhone.Build.0 = Debug|Any CPU
		{6924329A-E0B9-4AB0-A23B-197D89CED55C}.Debug|iPhoneSimulator.ActiveCfg = Debug|Any CPU
		{6924329A-E0B9-4AB0-A23B-197D89CED55C}.Debug|iPhoneSimulator.Build.0 = Debug|Any CPU
		{6924329A-E0B9-4AB0-A23B-197D89CED55C}.Debug|x64.ActiveCfg = Debug|Any CPU
		{6924329A-E0B9-4AB0-A23B-197D89CED55C}.Debug|x64.Build.0 = Debug|Any CPU
		{6924329A-E0B9-4AB0-A23B-197D89CED55C}.Debug|x86.ActiveCfg = Debug|Any CPU
		{6924329A-E0B9-4AB0-A23B-197D89CED55C}.Debug|x86.Build.0 = Debug|Any CPU
		{6924329A-E0B9-4AB0-A23B-197D89CED55C}.Release|Any CPU.ActiveCfg = Release|Any CPU
		{6924329A-E0B9-4AB0-A23B-197D89CED55C}.Release|Any CPU.Build.0 = Release|Any CPU
		{6924329A-E0B9-4AB0-A23B-197D89CED55C}.Release|ARM.ActiveCfg = Release|Any CPU
		{6924329A-E0B9-4AB0-A23B-197D89CED55C}.Release|ARM.Build.0 = Release|Any CPU
		{6924329A-E0B9-4AB0-A23B-197D89CED55C}.Release|iPhone.ActiveCfg = Release|Any CPU
		{6924329A-E0B9-4AB0-A23B-197D89CED55C}.Release|iPhone.Build.0 = Release|Any CPU
		{6924329A-E0B9-4AB0-A23B-197D89CED55C}.Release|iPhoneSimulator.ActiveCfg = Release|Any CPU
		{6924329A-E0B9-4AB0-A23B-197D89CED55C}.Release|iPhoneSimulator.Build.0 = Release|Any CPU
		{6924329A-E0B9-4AB0-A23B-197D89CED55C}.Release|x64.ActiveCfg = Release|Any CPU
		{6924329A-E0B9-4AB0-A23B-197D89CED55C}.Release|x64.Build.0 = Release|Any CPU
		{6924329A-E0B9-4AB0-A23B-197D89CED55C}.Release|x86.ActiveCfg = Release|Any CPU
		{6924329A-E0B9-4AB0-A23B-197D89CED55C}.Release|x86.Build.0 = Release|Any CPU
		{2C557C2F-CEE8-4BEC-BADE-7360C538020E}.Ad-Hoc|Any CPU.ActiveCfg = Release|x86
		{2C557C2F-CEE8-4BEC-BADE-7360C538020E}.Ad-Hoc|Any CPU.Build.0 = Release|x86
		{2C557C2F-CEE8-4BEC-BADE-7360C538020E}.Ad-Hoc|Any CPU.Deploy.0 = Release|x86
		{2C557C2F-CEE8-4BEC-BADE-7360C538020E}.Ad-Hoc|ARM.ActiveCfg = Release|ARM
		{2C557C2F-CEE8-4BEC-BADE-7360C538020E}.Ad-Hoc|ARM.Build.0 = Release|ARM
		{2C557C2F-CEE8-4BEC-BADE-7360C538020E}.Ad-Hoc|ARM.Deploy.0 = Release|ARM
		{2C557C2F-CEE8-4BEC-BADE-7360C538020E}.Ad-Hoc|iPhone.ActiveCfg = Release|x86
		{2C557C2F-CEE8-4BEC-BADE-7360C538020E}.Ad-Hoc|iPhone.Build.0 = Release|x86
		{2C557C2F-CEE8-4BEC-BADE-7360C538020E}.Ad-Hoc|iPhone.Deploy.0 = Release|x86
		{2C557C2F-CEE8-4BEC-BADE-7360C538020E}.Ad-Hoc|iPhoneSimulator.ActiveCfg = Release|x86
		{2C557C2F-CEE8-4BEC-BADE-7360C538020E}.Ad-Hoc|iPhoneSimulator.Build.0 = Release|x86
		{2C557C2F-CEE8-4BEC-BADE-7360C538020E}.Ad-Hoc|iPhoneSimulator.Deploy.0 = Release|x86
		{2C557C2F-CEE8-4BEC-BADE-7360C538020E}.Ad-Hoc|x64.ActiveCfg = Release|x64
		{2C557C2F-CEE8-4BEC-BADE-7360C538020E}.Ad-Hoc|x64.Build.0 = Release|x64
		{2C557C2F-CEE8-4BEC-BADE-7360C538020E}.Ad-Hoc|x64.Deploy.0 = Release|x64
		{2C557C2F-CEE8-4BEC-BADE-7360C538020E}.Ad-Hoc|x86.ActiveCfg = Release|x86
		{2C557C2F-CEE8-4BEC-BADE-7360C538020E}.Ad-Hoc|x86.Build.0 = Release|x86
		{2C557C2F-CEE8-4BEC-BADE-7360C538020E}.Ad-Hoc|x86.Deploy.0 = Release|x86
		{2C557C2F-CEE8-4BEC-BADE-7360C538020E}.AppStore|Any CPU.ActiveCfg = Release|x86
		{2C557C2F-CEE8-4BEC-BADE-7360C538020E}.AppStore|Any CPU.Build.0 = Release|x86
		{2C557C2F-CEE8-4BEC-BADE-7360C538020E}.AppStore|Any CPU.Deploy.0 = Release|x86
		{2C557C2F-CEE8-4BEC-BADE-7360C538020E}.AppStore|ARM.ActiveCfg = Release|ARM
		{2C557C2F-CEE8-4BEC-BADE-7360C538020E}.AppStore|ARM.Build.0 = Release|ARM
		{2C557C2F-CEE8-4BEC-BADE-7360C538020E}.AppStore|ARM.Deploy.0 = Release|ARM
		{2C557C2F-CEE8-4BEC-BADE-7360C538020E}.AppStore|iPhone.ActiveCfg = Release|x86
		{2C557C2F-CEE8-4BEC-BADE-7360C538020E}.AppStore|iPhone.Build.0 = Release|x86
		{2C557C2F-CEE8-4BEC-BADE-7360C538020E}.AppStore|iPhone.Deploy.0 = Release|x86
		{2C557C2F-CEE8-4BEC-BADE-7360C538020E}.AppStore|iPhoneSimulator.ActiveCfg = Release|x86
		{2C557C2F-CEE8-4BEC-BADE-7360C538020E}.AppStore|iPhoneSimulator.Build.0 = Release|x86
		{2C557C2F-CEE8-4BEC-BADE-7360C538020E}.AppStore|iPhoneSimulator.Deploy.0 = Release|x86
		{2C557C2F-CEE8-4BEC-BADE-7360C538020E}.AppStore|x64.ActiveCfg = Release|x64
		{2C557C2F-CEE8-4BEC-BADE-7360C538020E}.AppStore|x64.Build.0 = Release|x64
		{2C557C2F-CEE8-4BEC-BADE-7360C538020E}.AppStore|x64.Deploy.0 = Release|x64
		{2C557C2F-CEE8-4BEC-BADE-7360C538020E}.AppStore|x86.ActiveCfg = Release|x86
		{2C557C2F-CEE8-4BEC-BADE-7360C538020E}.AppStore|x86.Build.0 = Release|x86
		{2C557C2F-CEE8-4BEC-BADE-7360C538020E}.AppStore|x86.Deploy.0 = Release|x86
		{2C557C2F-CEE8-4BEC-BADE-7360C538020E}.Debug|Any CPU.ActiveCfg = Debug|x86
		{2C557C2F-CEE8-4BEC-BADE-7360C538020E}.Debug|ARM.ActiveCfg = Debug|ARM
		{2C557C2F-CEE8-4BEC-BADE-7360C538020E}.Debug|ARM.Build.0 = Debug|ARM
		{2C557C2F-CEE8-4BEC-BADE-7360C538020E}.Debug|ARM.Deploy.0 = Debug|ARM
		{2C557C2F-CEE8-4BEC-BADE-7360C538020E}.Debug|iPhone.ActiveCfg = Debug|x86
		{2C557C2F-CEE8-4BEC-BADE-7360C538020E}.Debug|iPhoneSimulator.ActiveCfg = Debug|x86
		{2C557C2F-CEE8-4BEC-BADE-7360C538020E}.Debug|x64.ActiveCfg = Debug|x64
		{2C557C2F-CEE8-4BEC-BADE-7360C538020E}.Debug|x64.Build.0 = Debug|x64
		{2C557C2F-CEE8-4BEC-BADE-7360C538020E}.Debug|x64.Deploy.0 = Debug|x64
		{2C557C2F-CEE8-4BEC-BADE-7360C538020E}.Debug|x86.ActiveCfg = Debug|x86
		{2C557C2F-CEE8-4BEC-BADE-7360C538020E}.Debug|x86.Build.0 = Debug|x86
		{2C557C2F-CEE8-4BEC-BADE-7360C538020E}.Debug|x86.Deploy.0 = Debug|x86
		{2C557C2F-CEE8-4BEC-BADE-7360C538020E}.Release|Any CPU.ActiveCfg = Release|x86
		{2C557C2F-CEE8-4BEC-BADE-7360C538020E}.Release|ARM.ActiveCfg = Release|ARM
		{2C557C2F-CEE8-4BEC-BADE-7360C538020E}.Release|ARM.Build.0 = Release|ARM
		{2C557C2F-CEE8-4BEC-BADE-7360C538020E}.Release|ARM.Deploy.0 = Release|ARM
		{2C557C2F-CEE8-4BEC-BADE-7360C538020E}.Release|iPhone.ActiveCfg = Release|x86
		{2C557C2F-CEE8-4BEC-BADE-7360C538020E}.Release|iPhoneSimulator.ActiveCfg = Release|x86
		{2C557C2F-CEE8-4BEC-BADE-7360C538020E}.Release|x64.ActiveCfg = Release|x64
		{2C557C2F-CEE8-4BEC-BADE-7360C538020E}.Release|x64.Build.0 = Release|x64
		{2C557C2F-CEE8-4BEC-BADE-7360C538020E}.Release|x64.Deploy.0 = Release|x64
		{2C557C2F-CEE8-4BEC-BADE-7360C538020E}.Release|x86.ActiveCfg = Release|x86
		{2C557C2F-CEE8-4BEC-BADE-7360C538020E}.Release|x86.Build.0 = Release|x86
		{2C557C2F-CEE8-4BEC-BADE-7360C538020E}.Release|x86.Deploy.0 = Release|x86
		{D6841783-3173-4CF2-B01A-E2F5873F540E}.Ad-Hoc|Any CPU.ActiveCfg = Ad-Hoc|iPhone
		{D6841783-3173-4CF2-B01A-E2F5873F540E}.Ad-Hoc|ARM.ActiveCfg = Ad-Hoc|iPhone
		{D6841783-3173-4CF2-B01A-E2F5873F540E}.Ad-Hoc|iPhone.ActiveCfg = Ad-Hoc|iPhone
		{D6841783-3173-4CF2-B01A-E2F5873F540E}.Ad-Hoc|iPhone.Build.0 = Ad-Hoc|iPhone
		{D6841783-3173-4CF2-B01A-E2F5873F540E}.Ad-Hoc|iPhoneSimulator.ActiveCfg = Ad-Hoc|iPhoneSimulator
		{D6841783-3173-4CF2-B01A-E2F5873F540E}.Ad-Hoc|iPhoneSimulator.Build.0 = Ad-Hoc|iPhoneSimulator
		{D6841783-3173-4CF2-B01A-E2F5873F540E}.Ad-Hoc|x64.ActiveCfg = Ad-Hoc|iPhone
		{D6841783-3173-4CF2-B01A-E2F5873F540E}.Ad-Hoc|x86.ActiveCfg = Ad-Hoc|iPhone
		{D6841783-3173-4CF2-B01A-E2F5873F540E}.AppStore|Any CPU.ActiveCfg = AppStore|iPhone
		{D6841783-3173-4CF2-B01A-E2F5873F540E}.AppStore|ARM.ActiveCfg = AppStore|iPhone
		{D6841783-3173-4CF2-B01A-E2F5873F540E}.AppStore|iPhone.ActiveCfg = AppStore|iPhone
		{D6841783-3173-4CF2-B01A-E2F5873F540E}.AppStore|iPhone.Build.0 = AppStore|iPhone
		{D6841783-3173-4CF2-B01A-E2F5873F540E}.AppStore|iPhoneSimulator.ActiveCfg = AppStore|iPhoneSimulator
		{D6841783-3173-4CF2-B01A-E2F5873F540E}.AppStore|iPhoneSimulator.Build.0 = AppStore|iPhoneSimulator
		{D6841783-3173-4CF2-B01A-E2F5873F540E}.AppStore|x64.ActiveCfg = AppStore|iPhone
		{D6841783-3173-4CF2-B01A-E2F5873F540E}.AppStore|x86.ActiveCfg = AppStore|iPhone
		{D6841783-3173-4CF2-B01A-E2F5873F540E}.Debug|Any CPU.ActiveCfg = Debug|iPhone
		{D6841783-3173-4CF2-B01A-E2F5873F540E}.Debug|ARM.ActiveCfg = Debug|iPhone
		{D6841783-3173-4CF2-B01A-E2F5873F540E}.Debug|iPhone.ActiveCfg = Debug|iPhone
		{D6841783-3173-4CF2-B01A-E2F5873F540E}.Debug|iPhone.Build.0 = Debug|iPhone
		{D6841783-3173-4CF2-B01A-E2F5873F540E}.Debug|iPhoneSimulator.ActiveCfg = Debug|iPhoneSimulator
		{D6841783-3173-4CF2-B01A-E2F5873F540E}.Debug|iPhoneSimulator.Build.0 = Debug|iPhoneSimulator
		{D6841783-3173-4CF2-B01A-E2F5873F540E}.Debug|x64.ActiveCfg = Debug|iPhone
		{D6841783-3173-4CF2-B01A-E2F5873F540E}.Debug|x86.ActiveCfg = Debug|iPhone
		{D6841783-3173-4CF2-B01A-E2F5873F540E}.Release|Any CPU.ActiveCfg = Release|iPhone
		{D6841783-3173-4CF2-B01A-E2F5873F540E}.Release|ARM.ActiveCfg = Release|iPhone
		{D6841783-3173-4CF2-B01A-E2F5873F540E}.Release|iPhone.ActiveCfg = Release|iPhone
		{D6841783-3173-4CF2-B01A-E2F5873F540E}.Release|iPhone.Build.0 = Release|iPhone
		{D6841783-3173-4CF2-B01A-E2F5873F540E}.Release|iPhoneSimulator.ActiveCfg = Release|iPhoneSimulator
		{D6841783-3173-4CF2-B01A-E2F5873F540E}.Release|iPhoneSimulator.Build.0 = Release|iPhoneSimulator
		{D6841783-3173-4CF2-B01A-E2F5873F540E}.Release|x64.ActiveCfg = Release|iPhone
		{D6841783-3173-4CF2-B01A-E2F5873F540E}.Release|x86.ActiveCfg = Release|iPhone
	EndGlobalSection
	GlobalSection(SolutionProperties) = preSolution
		HideSolutionNode = FALSE
	EndGlobalSection
EndGlobal
